{
  "name": "@jasonsbarr/string",
  "version": "0.5.2",
  "lockfileVersion": 2,
  "requires": true,
  "packages": {
    "": {
      "name": "@jasonsbarr/string",
      "version": "0.2.0",
      "license": "MIT",
      "dependencies": {
        "@jasonsbarr/functional-core": "^0.2.0",
        "locutus": "^2.0.15",
        "sugar": "^2.0.6",
        "voca": "^1.4.0"
      }
    },
    "node_modules/@jasonsbarr/functional-core": {
      "version": "0.2.0",
      "resolved": "https://registry.npmjs.org/@jasonsbarr/functional-core/-/functional-core-0.2.0.tgz",
      "integrity": "sha512-SOfuz/dQPQueZAeSBrmsUzShbxTO4yygkfLVR8KSu8B+8XMqM4UitjSGTZwe8t3Dzrdw1DlKGDV8otcZHAhiJA==",
      "dependencies": {
        "object-hash": "^2.2.0"
      }
    },
    "node_modules/locutus": {
      "version": "2.0.15",
      "resolved": "https://registry.npmjs.org/locutus/-/locutus-2.0.15.tgz",
      "integrity": "sha512-2xWC4RkoAoCVXEb/stzEgG1TNgd+mrkLBj6TuEDNyUoKeQ2XzDTyJUC23sMiqbL6zJmJSP3w59OZo+zc4IBOmA==",
      "engines": {
        "node": ">= 10"
      }
    },
    "node_modules/object-hash": {
      "version": "2.2.0",
      "resolved": "https://registry.npmjs.org/object-hash/-/object-hash-2.2.0.tgz",
      "integrity": "sha512-gScRMn0bS5fH+IuwyIFgnh9zBdo4DV+6GhygmWM9HyNJSgS0hScp1f5vjtm7oIIOiT9trXrShAkLFSc2IqKNgw==",
      "engines": {
        "node": ">= 6"
      }
    },
    "node_modules/sugar": {
      "version": "2.0.6",
      "resolved": "https://registry.npmjs.org/sugar/-/sugar-2.0.6.tgz",
      "integrity": "sha512-s0P2/pjJtAD9VA44+2Gqm3NdC4v+08melA6YubOxzshu628krTbn95/M2GWMrI9rYspZMpYBIrChR46fjQ7xsQ==",
      "dependencies": {
        "sugar-core": "^2.0.0"
      },
      "engines": {
        "node": ">= 0.8.23"
      }
    },
    "node_modules/sugar-core": {
      "version": "2.0.6",
      "resolved": "https://registry.npmjs.org/sugar-core/-/sugar-core-2.0.6.tgz",
      "integrity": "sha512-YmLFysR3Si6RImqL1+aB6JH81EXxvXn5iXhPf2PsjfoUYEwCxFDYCQY+zC3WqviuGWzxFaSkkJvkUE05Y03L5Q==",
      "engines": {
        "node": ">= 0.8.23"
      }
    },
    "node_modules/voca": {
      "version": "1.4.0",
      "resolved": "https://registry.npmjs.org/voca/-/voca-1.4.0.tgz",
      "integrity": "sha512-8Xz4H3vhYRGbFupLtl6dHwMx0ojUcjt0HYkqZ9oBCfipd/5mD7Md58m2/dq7uPuZU/0T3Gb1m66KS9jn+I+14Q=="
    }
  },
  "dependencies": {
    "@jasonsbarr/functional-core": {
      "version": "0.2.0",
      "resolved": "https://registry.npmjs.org/@jasonsbarr/functional-core/-/functional-core-0.2.0.tgz",
      "integrity": "sha512-SOfuz/dQPQueZAeSBrmsUzShbxTO4yygkfLVR8KSu8B+8XMqM4UitjSGTZwe8t3Dzrdw1DlKGDV8otcZHAhiJA==",
      "requires": {
        "object-hash": "^2.2.0"
      }
    },
    "locutus": {
      "version": "2.0.15",
      "resolved": "https://registry.npmjs.org/locutus/-/locutus-2.0.15.tgz",
      "integrity": "sha512-2xWC4RkoAoCVXEb/stzEgG1TNgd+mrkLBj6TuEDNyUoKeQ2XzDTyJUC23sMiqbL6zJmJSP3w59OZo+zc4IBOmA=="
    },
    "object-hash": {
      "version": "2.2.0",
      "resolved": "https://registry.npmjs.org/object-hash/-/object-hash-2.2.0.tgz",
      "integrity": "sha512-gScRMn0bS5fH+IuwyIFgnh9zBdo4DV+6GhygmWM9HyNJSgS0hScp1f5vjtm7oIIOiT9trXrShAkLFSc2IqKNgw=="
    },
    "sugar": {
      "version": "2.0.6",
      "resolved": "https://registry.npmjs.org/sugar/-/sugar-2.0.6.tgz",
      "integrity": "sha512-s0P2/pjJtAD9VA44+2Gqm3NdC4v+08melA6YubOxzshu628krTbn95/M2GWMrI9rYspZMpYBIrChR46fjQ7xsQ==",
      "requires": {
        "sugar-core": "^2.0.0"
      }
    },
    "sugar-core": {
      "version": "2.0.6",
      "resolved": "https://registry.npmjs.org/sugar-core/-/sugar-core-2.0.6.tgz",
      "integrity": "sha512-YmLFysR3Si6RImqL1+aB6JH81EXxvXn5iXhPf2PsjfoUYEwCxFDYCQY+zC3WqviuGWzxFaSkkJvkUE05Y03L5Q=="
    },
    "voca": {
      "version": "1.4.0",
      "resolved": "https://registry.npmjs.org/voca/-/voca-1.4.0.tgz",
      "integrity": "sha512-8Xz4H3vhYRGbFupLtl6dHwMx0ojUcjt0HYkqZ9oBCfipd/5mD7Md58m2/dq7uPuZU/0T3Gb1m66KS9jn+I+14Q=="
    }
  }
}
