{
  "name": "@jasonsbarr/functional-core",
  "version": "0.9.3",
  "lockfileVersion": 2,
  "requires": true,
  "packages": {
    "": {
      "name": "@jasonsbarr/functional-core",
      "version": "0.2.0",
      "license": "MIT",
      "dependencies": {
        "object-hash": "^2.2.0"
      }
    },
    "node_modules/object-hash": {
      "version": "2.2.0",
      "resolved": "https://registry.npmjs.org/object-hash/-/object-hash-2.2.0.tgz",
      "integrity": "sha512-gScRMn0bS5fH+IuwyIFgnh9zBdo4DV+6GhygmWM9HyNJSgS0hScp1f5vjtm7oIIOiT9trXrShAkLFSc2IqKNgw==",
      "engines": {
        "node": ">= 6"
      }
    }
  },
  "dependencies": {
    "object-hash": {
      "version": "2.2.0",
      "resolved": "https://registry.npmjs.org/object-hash/-/object-hash-2.2.0.tgz",
      "integrity": "sha512-gScRMn0bS5fH+IuwyIFgnh9zBdo4DV+6GhygmWM9HyNJSgS0hScp1f5vjtm7oIIOiT9trXrShAkLFSc2IqKNgw=="
    }
  }
}
